// !$*UTF8*$!
{
	archiveVersion = 1;
	classes = {
	};
	objectVersion = 55;
	objects = {

/* Begin PBXBuildFile section */
		2ACD887228D21F4200952C78 /* draw_circleApp.swift in Sources */ = {isa = PBXBuildFile; fileRef = 2ACD887128D21F4200952C78 /* draw_circleApp.swift */; };
		2ACD887428D21F4200952C78 /* ContentView.swift in Sources */ = {isa = PBXBuildFile; fileRef = 2ACD887328D21F4200952C78 /* ContentView.swift */; };
		2ACD887628D21F4500952C78 /* Assets.xcassets in Resources */ = {isa = PBXBuildFile; fileRef = 2ACD887528D21F4500952C78 /* Assets.xcassets */; };
		2ACD887928D21F4500952C78 /* Preview Assets.xcassets in Resources */ = {isa = PBXBuildFile; fileRef = 2ACD887828D21F4500952C78 /* Preview Assets.xcassets */; };
		2ACD888328D21F4500952C78 /* draw_circleTests.swift in Sources */ = {isa = PBXBuildFile; fileRef = 2ACD888228D21F4500952C78 /* draw_circleTests.swift */; };
		2ACD888D28D21F4500952C78 /* draw_circleUITests.swift in Sources */ = {isa = PBXBuildFile; fileRef = 2ACD888C28D21F4500952C78 /* draw_circleUITests.swift */; };
		2ACD888F28D21F4500952C78 /* draw_circleUITestsLaunchTests.swift in Sources */ = {isa = PBXBuildFile; fileRef = 2ACD888E28D21F4500952C78 /* draw_circleUITestsLaunchTests.swift */; };
/* End PBXBuildFile section */

/* Begin PBXContainerItemProxy section */
		2ACD887F28D21F4500952C78 /* PBXContainerItemProxy */ = {
			isa = PBXContainerItemProxy;
			containerPortal = 2ACD886628D21F4200952C78 /* Project object */;
			proxyType = 1;
			remoteGlobalIDString = 2ACD886D28D21F4200952C78;
			remoteInfo = draw_circle;
		};
		2ACD888928D21F4500952C78 /* PBXContainerItemProxy */ = {
			isa = PBXContainerItemProxy;
			containerPortal = 2ACD886628D21F4200952C78 /* Project object */;
			proxyType = 1;
			remoteGlobalIDString = 2ACD886D28D21F4200952C78;
			remoteInfo = draw_circle;
		};
/* End PBXContainerItemProxy section */

/* Begin PBXFileReference section */
		2ACD886E28D21F4200952C78 /* draw_circle.app */ = {isa = PBXFileReference; explicitFileType = wrapper.application; includeInIndex = 0; path = draw_circle.app; sourceTree = BUILT_PRODUCTS_DIR; };
		2ACD887128D21F4200952C78 /* draw_circleApp.swift */ = {isa = PBXFileReference; lastKnownFileType = sourcecode.swift; path = draw_circleApp.swift; sourceTree = "<group>"; };
		2ACD887328D21F4200952C78 /* ContentView.swift */ = {isa = PBXFileReference; lastKnownFileType = sourcecode.swift; path = ContentView.swift; sourceTree = "<group>"; };
		2ACD887528D21F4500952C78 /* Assets.xcassets */ = {isa = PBXFileReference; lastKnownFileType = folder.assetcatalog; path = Assets.xcassets; sourceTree = "<group>"; };
		2ACD887828D21F4500952C78 /* Preview Assets.xcassets */ = {isa = PBXFileReference; lastKnownFileType = folder.assetcatalog; path = "Preview Assets.xcassets"; sourceTree = "<group>"; };
		2ACD887E28D21F4500952C78 /* draw_circleTests.xctest */ = {isa = PBXFileReference; explicitFileType = wrapper.cfbundle; includeInIndex = 0; path = draw_circleTests.xctest; sourceTree = BUILT_PRODUCTS_DIR; };
		2ACD888228D21F4500952C78 /* draw_circleTests.swift */ = {isa = PBXFileReference; lastKnownFileType = sourcecode.swift; path = draw_circleTests.swift; sourceTree = "<group>"; };
		2ACD888828D21F4500952C78 /* draw_circleUITests.xctest */ = {isa = PBXFileReference; explicitFileType = wrapper.cfbundle; includeInIndex = 0; path = draw_circleUITests.xctest; sourceTree = BUILT_PRODUCTS_DIR; };
		2ACD888C28D21F4500952C78 /* draw_circleUITests.swift */ = {isa = PBXFileReference; lastKnownFileType = sourcecode.swift; path = draw_circleUITests.swift; sourceTree = "<group>"; };
		2ACD888E28D21F4500952C78 /* draw_circleUITestsLaunchTests.swift */ = {isa = PBXFileReference; lastKnownFileType = sourcecode.swift; path = draw_circleUITestsLaunchTests.swift; sourceTree = "<group>"; };
/* End PBXFileReference section */

/* Begin PBXFrameworksBuildPhase section */
		2ACD886B28D21F4200952C78 /* Frameworks */ = {
			isa = PBXFrameworksBuildPhase;
			buildActionMask = 2147483647;
			files = (
			);
			runOnlyForDeploymentPostprocessing = 0;
		};
		2ACD887B28D21F4500952C78 /* Frameworks */ = {
			isa = PBXFrameworksBuildPhase;
			buildActionMask = 2147483647;
			files = (
			);
			runOnlyForDeploymentPostprocessing = 0;
		};
		2ACD888528D21F4500952C78 /* Frameworks */ = {
			isa = PBXFrameworksBuildPhase;
			buildActionMask = 2147483647;
			files = (
			);
			runOnlyForDeploymentPostprocessing = 0;
		};
/* End PBXFrameworksBuildPhase section */

/* Begin PBXGroup section */
		2ACD886528D21F4200952C78 = {
			isa = PBXGroup;
			children = (
				2ACD887028D21F4200952C78 /* draw_circle */,
				2ACD888128D21F4500952C78 /* draw_circleTests */,
				2ACD888B28D21F4500952C78 /* draw_circleUITests */,
				2ACD886F28D21F4200952C78 /* Products */,
			);
			sourceTree = "<group>";
		};
		2ACD886F28D21F4200952C78 /* Products */ = {
			isa = PBXGroup;
			children = (
				2ACD886E28D21F4200952C78 /* draw_circle.app */,
				2ACD887E28D21F4500952C78 /* draw_circleTests.xctest */,
				2ACD888828D21F4500952C78 /* draw_circleUITests.xctest */,
			);
			name = Products;
			sourceTree = "<group>";
		};
		2ACD887028D21F4200952C78 /* draw_circle */ = {
			isa = PBXGroup;
			children = (
				2ACD887128D21F4200952C78 /* draw_circleApp.swift */,
				2ACD887328D21F4200952C78 /* ContentView.swift */,
				2ACD887528D21F4500952C78 /* Assets.xcassets */,
				2ACD887728D21F4500952C78 /* Preview Content */,
			);
			path = draw_circle;
			sourceTree = "<group>";
		};
		2ACD887728D21F4500952C78 /* Preview Content */ = {
			isa = PBXGroup;
			children = (
				2ACD887828D21F4500952C78 /* Preview Assets.xcassets */,
			);
			path = "Preview Content";
			sourceTree = "<group>";
		};
		2ACD888128D21F4500952C78 /* draw_circleTests */ = {
			isa = PBXGroup;
			children = (
				2ACD888228D21F4500952C78 /* draw_circleTests.swift */,
			);
			path = draw_circleTests;
			sourceTree = "<group>";
		};
		2ACD888B28D21F4500952C78 /* draw_circleUITests */ = {
			isa = PBXGroup;
			children = (
				2ACD888C28D21F4500952C78 /* draw_circleUITests.swift */,
				2ACD888E28D21F4500952C78 /* draw_circleUITestsLaunchTests.swift */,
			);
			path = draw_circleUITests;
			sourceTree = "<group>";
		};
/* End PBXGroup section */

/* Begin PBXNativeTarget section */
		2ACD886D28D21F4200952C78 /* draw_circle */ = {
			isa = PBXNativeTarget;
			buildConfigurationList = 2ACD889228D21F4500952C78 /* Build configuration list for PBXNativeTarget "draw_circle" */;
			buildPhases = (
				2ACD886A28D21F4200952C78 /* Sources */,
				2ACD886B28D21F4200952C78 /* Frameworks */,
				2ACD886C28D21F4200952C78 /* Resources */,
			);
			buildRules = (
			);
			dependencies = (
			);
			name = draw_circle;
			productName = draw_circle;
			productReference = 2ACD886E28D21F4200952C78 /* draw_circle.app */;
			productType = "com.apple.product-type.application";
		};
		2ACD887D28D21F4500952C78 /* draw_circleTests */ = {
			isa = PBXNativeTarget;
			buildConfigurationList = 2ACD889528D21F4500952C78 /* Build configuration list for PBXNativeTarget "draw_circleTests" */;
			buildPhases = (
				2ACD887A28D21F4500952C78 /* Sources */,
				2ACD887B28D21F4500952C78 /* Frameworks */,
				2ACD887C28D21F4500952C78 /* Resources */,
			);
			buildRules = (
			);
			dependencies = (
				2ACD888028D21F4500952C78 /* PBXTargetDependency */,
			);
			name = draw_circleTests;
			productName = draw_circleTests;
			productReference = 2ACD887E28D21F4500952C78 /* draw_circleTests.xctest */;
			productType = "com.apple.product-type.bundle.unit-test";
		};
		2ACD888728D21F4500952C78 /* draw_circleUITests */ = {
			isa = PBXNativeTarget;
			buildConfigurationList = 2ACD889828D21F4500952C78 /* Build configuration list for PBXNativeTarget "draw_circleUITests" */;
			buildPhases = (
				2ACD888428D21F4500952C78 /* Sources */,
				2ACD888528D21F4500952C78 /* Frameworks */,
				2ACD888628D21F4500952C78 /* Resources */,
			);
			buildRules = (
			);
			dependencies = (
				2ACD888A28D21F4500952C78 /* PBXTargetDependency */,
			);
			name = draw_circleUITests;
			productName = draw_circleUITests;
			productReference = 2ACD888828D21F4500952C78 /* draw_circleUITests.xctest */;
			productType = "com.apple.product-type.bundle.ui-testing";
		};
/* End PBXNativeTarget section */

/* Begin PBXProject section */
		2ACD886628D21F4200952C78 /* Project object */ = {
			isa = PBXProject;
			attributes = {
				BuildIndependentTargetsInParallel = 1;
				LastSwiftUpdateCheck = 1340;
				LastUpgradeCheck = 1340;
				TargetAttributes = {
					2ACD886D28D21F4200952C78 = {
						CreatedOnToolsVersion = 13.4.1;
					};
					2ACD887D28D21F4500952C78 = {
						CreatedOnToolsVersion = 13.4.1;
						TestTargetID = 2ACD886D28D21F4200952C78;
					};
					2ACD888728D21F4500952C78 = {
						CreatedOnToolsVersion = 13.4.1;
						TestTargetID = 2ACD886D28D21F4200952C78;
					};
				};
			};
			buildConfigurationList = 2ACD886928D21F4200952C78 /* Build configuration list for PBXProject "draw_circle" */;
			compatibilityVersion = "Xcode 13.0";
			developmentRegion = en;
			hasScannedForEncodings = 0;
			knownRegions = (
				en,
				Base,
			);
			mainGroup = 2ACD886528D21F4200952C78;
			productRefGroup = 2ACD886F28D21F4200952C78 /* Products */;
			projectDirPath = "";
			projectRoot = "";
			targets = (
				2ACD886D28D21F4200952C78 /* draw_circle */,
				2ACD887D28D21F4500952C78 /* draw_circleTests */,
				2ACD888728D21F4500952C78 /* draw_circleUITests */,
			);
		};
/* End PBXProject section */

/* Begin PBXResourcesBuildPhase section */
		2ACD886C28D21F4200952C78 /* Resources */ = {
			isa = PBXResourcesBuildPhase;
			buildActionMask = 2147483647;
			files = (
				2ACD887928D21F4500952C78 /* Preview Assets.xcassets in Resources */,
				2ACD887628D21F4500952C78 /* Assets.xcassets in Resources */,
			);
			runOnlyForDeploymentPostprocessing = 0;
		};
		2ACD887C28D21F4500952C78 /* Resources */ = {
			isa = PBXResourcesBuildPhase;
			buildActionMask = 2147483647;
			files = (
			);
			runOnlyForDeploymentPostprocessing = 0;
		};
		2ACD888628D21F4500952C78 /* Resources */ = {
			isa = PBXResourcesBuildPhase;
			buildActionMask = 2147483647;
			files = (
			);
			runOnlyForDeploymentPostprocessing = 0;
		};
/* End PBXResourcesBuildPhase section */

/* Begin PBXSourcesBuildPhase section */
		2ACD886A28D21F4200952C78 /* Sources */ = {
			isa = PBXSourcesBuildPhase;
			buildActionMask = 2147483647;
			files = (
				2ACD887428D21F4200952C78 /* ContentView.swift in Sources */,
				2ACD887228D21F4200952C78 /* draw_circleApp.swift in Sources */,
			);
			runOnlyForDeploymentPostprocessing = 0;
		};
		2ACD887A28D21F4500952C78 /* Sources */ = {
			isa = PBXSourcesBuildPhase;
			buildActionMask = 2147483647;
			files = (
				2ACD888328D21F4500952C78 /* draw_circleTests.swift in Sources */,
			);
			runOnlyForDeploymentPostprocessing = 0;
		};
		2ACD888428D21F4500952C78 /* Sources */ = {
			isa = PBXSourcesBuildPhase;
			buildActionMask = 2147483647;
			files = (
				2ACD888F28D21F4500952C78 /* draw_circleUITestsLaunchTests.swift in Sources */,
				2ACD888D28D21F4500952C78 /* draw_circleUITests.swift in Sources */,
			);
			runOnlyForDeploymentPostprocessing = 0;
		};
/* End PBXSourcesBuildPhase section */

/* Begin PBXTargetDependency section */
		2ACD888028D21F4500952C78 /* PBXTargetDependency */ = {
			isa = PBXTargetDependency;
			target = 2ACD886D28D21F4200952C78 /* draw_circle */;
			targetProxy = 2ACD887F28D21F4500952C78 /* PBXContainerItemProxy */;
		};
		2ACD888A28D21F4500952C78 /* PBXTargetDependency */ = {
			isa = PBXTargetDependency;
			target = 2ACD886D28D21F4200952C78 /* draw_circle */;
			targetProxy = 2ACD888928D21F4500952C78 /* PBXContainerItemProxy */;
		};
/* End PBXTargetDependency section */

/* Begin XCBuildConfiguration section */
		2ACD889028D21F4500952C78 /* Debug */ = {
			isa = XCBuildConfiguration;
			buildSettings = {
				ALWAYS_SEARCH_USER_PATHS = NO;
				CLANG_ANALYZER_NONNULL = YES;
				CLANG_ANALYZER_NUMBER_OBJECT_CONVERSION = YES_AGGRESSIVE;
				CLANG_CXX_LANGUAGE_STANDARD = "gnu++17";
				CLANG_ENABLE_MODULES = YES;
				CLANG_ENABLE_OBJC_ARC = YES;
				CLANG_ENABLE_OBJC_WEAK = YES;
				CLANG_WARN_BLOCK_CAPTURE_AUTORELEASING = YES;
				CLANG_WARN_BOOL_CONVERSION = YES;
				CLANG_WARN_COMMA = YES;
				CLANG_WARN_CONSTANT_CONVERSION = YES;
				CLANG_WARN_DEPRECATED_OBJC_IMPLEMENTATIONS = YES;
				CLANG_WARN_DIRECT_OBJC_ISA_USAGE = YES_ERROR;
				CLANG_WARN_DOCUMENTATION_COMMENTS = YES;
				CLANG_WARN_EMPTY_BODY = YES;
				CLANG_WARN_ENUM_CONVERSION = YES;
				CLANG_WARN_INFINITE_RECURSION = YES;
				CLANG_WARN_INT_CONVERSION = YES;
				CLANG_WARN_NON_LITERAL_NULL_CONVERSION = YES;
				CLANG_WARN_OBJC_IMPLICIT_RETAIN_SELF = YES;
				CLANG_WARN_OBJC_LITERAL_CONVERSION = YES;
				CLANG_WARN_OBJC_ROOT_CLASS = YES_ERROR;
				CLANG_WARN_QUOTED_INCLUDE_IN_FRAMEWORK_HEADER = YES;
				CLANG_WARN_RANGE_LOOP_ANALYSIS = YES;
				CLANG_WARN_STRICT_PROTOTYPES = YES;
				CLANG_WARN_SUSPICIOUS_MOVE = YES;
				CLANG_WARN_UNGUARDED_AVAILABILITY = YES_AGGRESSIVE;
				CLANG_WARN_UNREACHABLE_CODE = YES;
				CLANG_WARN__DUPLICATE_METHOD_MATCH = YES;
				COPY_PHASE_STRIP = NO;
				DEBUG_INFORMATION_FORMAT = dwarf;
				ENABLE_STRICT_OBJC_MSGSEND = YES;
				ENABLE_TESTABILITY = YES;
				GCC_C_LANGUAGE_STANDARD = gnu11;
				GCC_DYNAMIC_NO_PIC = NO;
				GCC_NO_COMMON_BLOCKS = YES;
				GCC_OPTIMIZATION_LEVEL = 0;
				GCC_PREPROCESSOR_DEFINITIONS = (
					"DEBUG=1",
					"$(inherited)",
				);
				GCC_WARN_64_TO_32_BIT_CONVERSION = YES;
				GCC_WARN_ABOUT_RETURN_TYPE = YES_ERROR;
				GCC_WARN_UNDECLARED_SELECTOR = YES;
				GCC_WARN_UNINITIALIZED_AUTOS = YES_AGGRESSIVE;
				GCC_WARN_UNUSED_FUNCTION = YES;
				GCC_WARN_UNUSED_VARIABLE = YES;
				IPHONEOS_DEPLOYMENT_TARGET = 15.5;
				MTL_ENABLE_DEBUG_INFO = INCLUDE_SOURCE;
				MTL_FAST_MATH = YES;
				ONLY_ACTIVE_ARCH = YES;
				SDKROOT = iphoneos;
				SWIFT_ACTIVE_COMPILATION_CONDITIONS = DEBUG;
				SWIFT_OPTIMIZATION_LEVEL = "-Onone";
			};
			name = Debug;
		};
		2ACD889128D21F4500952C78 /* Release */ = {
			isa = XCBuildConfiguration;
			buildSettings = {
				ALWAYS_SEARCH_USER_PATHS = NO;
				CLANG_ANALYZER_NONNULL = YES;
				CLANG_ANALYZER_NUMBER_OBJECT_CONVERSION = YES_AGGRESSIVE;
				CLANG_CXX_LANGUAGE_STANDARD = "gnu++17";
				CLANG_ENABLE_MODULES = YES;
				CLANG_ENABLE_OBJC_ARC = YES;
				CLANG_ENABLE_OBJC_WEAK = YES;
				CLANG_WARN_BLOCK_CAPTURE_AUTORELEASING = YES;
				CLANG_WARN_BOOL_CONVERSION = YES;
				CLANG_WARN_COMMA = YES;
				CLANG_WARN_CONSTANT_CONVERSION = YES;
				CLANG_WARN_DEPRECATED_OBJC_IMPLEMENTATIONS = YES;
				CLANG_WARN_DIRECT_OBJC_ISA_USAGE = YES_ERROR;
				CLANG_WARN_DOCUMENTATION_COMMENTS = YES;
				CLANG_WARN_EMPTY_BODY = YES;
				CLANG_WARN_ENUM_CONVERSION = YES;
				CLANG_WARN_INFINITE_RECURSION = YES;
				CLANG_WARN_INT_CONVERSION = YES;
				CLANG_WARN_NON_LITERAL_NULL_CONVERSION = YES;
				CLANG_WARN_OBJC_IMPLICIT_RETAIN_SELF = YES;
				CLANG_WARN_OBJC_LITERAL_CONVERSION = YES;
				CLANG_WARN_OBJC_ROOT_CLASS = YES_ERROR;
				CLANG_WARN_QUOTED_INCLUDE_IN_FRAMEWORK_HEADER = YES;
				CLANG_WARN_RANGE_LOOP_ANALYSIS = YES;
				CLANG_WARN_STRICT_PROTOTYPES = YES;
				CLANG_WARN_SUSPICIOUS_MOVE = YES;
				CLANG_WARN_UNGUARDED_AVAILABILITY = YES_AGGRESSIVE;
				CLANG_WARN_UNREACHABLE_CODE = YES;
				CLANG_WARN__DUPLICATE_METHOD_MATCH = YES;
				COPY_PHASE_STRIP = NO;
				DEBUG_INFORMATION_FORMAT = "dwarf-with-dsym";
				ENABLE_NS_ASSERTIONS = NO;
				ENABLE_STRICT_OBJC_MSGSEND = YES;
				GCC_C_LANGUAGE_STANDARD = gnu11;
				GCC_NO_COMMON_BLOCKS = YES;
				GCC_WARN_64_TO_32_BIT_CONVERSION = YES;
				GCC_WARN_ABOUT_RETURN_TYPE = YES_ERROR;
				GCC_WARN_UNDECLARED_SELECTOR = YES;
				GCC_WARN_UNINITIALIZED_AUTOS = YES_AGGRESSIVE;
				GCC_WARN_UNUSED_FUNCTION = YES;
				GCC_WARN_UNUSED_VARIABLE = YES;
				IPHONEOS_DEPLOYMENT_TARGET = 15.5;
				MTL_ENABLE_DEBUG_INFO = NO;
				MTL_FAST_MATH = YES;
				SDKROOT = iphoneos;
				SWIFT_COMPILATION_MODE = wholemodule;
				SWIFT_OPTIMIZATION_LEVEL = "-O";
				VALIDATE_PRODUCT = YES;
			};
			name = Release;
		};
		2ACD889328D21F4500952C78 /* Debug */ = {
			isa = XCBuildConfiguration;
			buildSettings = {
				ASSETCATALOG_COMPILER_APPICON_NAME = AppIcon;
				ASSETCATALOG_COMPILER_GLOBAL_ACCENT_COLOR_NAME = AccentColor;
				CODE_SIGN_STYLE = Automatic;
				CURRENT_PROJECT_VERSION = 1;
				DEVELOPMENT_ASSET_PATHS = "\"draw_circle/Preview Content\"";
				DEVELOPMENT_TEAM = H33M9N3FDM;
				ENABLE_PREVIEWS = YES;
				GENERATE_INFOPLIST_FILE = YES;
				INFOPLIST_KEY_UIApplicationSceneManifest_Generation = YES;
				INFOPLIST_KEY_UIApplicationSupportsIndirectInputEvents = YES;
				INFOPLIST_KEY_UILaunchScreen_Generation = YES;
				INFOPLIST_KEY_UISupportedInterfaceOrientations_iPad = "UIInterfaceOrientationPortrait UIInterfaceOrientationPortraitUpsideDown UIInterfaceOrientationLandscapeLeft UIInterfaceOrientationLandscapeRight";
				INFOPLIST_KEY_UISupportedInterfaceOrientations_iPhone = "UIInterfaceOrientationPortrait UIInterfaceOrientationLandscapeLeft UIInterfaceOrientationLandscapeRight";
				LD_RUNPATH_SEARCH_PATHS = (
					"$(inherited)",
					"@executable_path/Frameworks",
				);
				MARKETING_VERSION = 1.0;
				PRODUCT_BUNDLE_IDENTIFIER = "quanhh.draw-circle";
				PRODUCT_NAME = "$(TARGET_NAME)";
				SWIFT_EMIT_LOC_STRINGS = YES;
				SWIFT_VERSION = 5.0;
				TARGETED_DEVICE_FAMILY = "1,2";
			};
			name = Debug;
		};
		2ACD889428D21F4500952C78 /* Release */ = {
			isa = XCBuildConfiguration;
			buildSettings = {
				ASSETCATALOG_COMPILER_APPICON_NAME = AppIcon;
				ASSETCATALOG_COMPILER_GLOBAL_ACCENT_COLOR_NAME = AccentColor;
				CODE_SIGN_STYLE = Automatic;
				CURRENT_PROJECT_VERSION = 1;
				DEVELOPMENT_ASSET_PATHS = "\"draw_circle/Preview Content\"";
				DEVELOPMENT_TEAM = H33M9N3FDM;
				ENABLE_PREVIEWS = YES;
				GENERATE_INFOPLIST_FILE = YES;
				INFOPLIST_KEY_UIApplicationSceneManifest_Generation = YES;
				INFOPLIST_KEY_UIApplicationSupportsIndirectInputEvents = YES;
				INFOPLIST_KEY_UILaunchScreen_Generation = YES;
				INFOPLIST_KEY_UISupportedInterfaceOrientations_iPad = "UIInterfaceOrientationPortrait UIInterfaceOrientationPortraitUpsideDown UIInterfaceOrientationLandscapeLeft UIInterfaceOrientationLandscapeRight";
				INFOPLIST_KEY_UISupportedInterfaceOrientations_iPhone = "UIInterfaceOrientationPortrait UIInterfaceOrientationLandscapeLeft UIInterfaceOrientationLandscapeRight";
				LD_RUNPATH_SEARCH_PATHS = (
					"$(inherited)",
					"@executable_path/Frameworks",
				);
				MARKETING_VERSION = 1.0;
				PRODUCT_BUNDLE_IDENTIFIER = "quanhh.draw-circle";
				PRODUCT_NAME = "$(TARGET_NAME)";
				SWIFT_EMIT_LOC_STRINGS = YES;
				SWIFT_VERSION = 5.0;
				TARGETED_DEVICE_FAMILY = "1,2";
			};
			name = Release;
		};
		2ACD889628D21F4500952C78 /* Debug */ = {
			isa = XCBuildConfiguration;
			buildSettings = {
				ALWAYS_EMBED_SWIFT_STANDARD_LIBRARIES = YES;
				BUNDLE_LOADER = "$(TEST_HOST)";
				CODE_SIGN_STYLE = Automatic;
				CURRENT_PROJECT_VERSION = 1;
				DEVELOPMENT_TEAM = H33M9N3FDM;
				GENERATE_INFOPLIST_FILE = YES;
				IPHONEOS_DEPLOYMENT_TARGET = 15.5;
				MARKETING_VERSION = 1.0;
				PRODUCT_BUNDLE_IDENTIFIER = "quanhh.draw-circleTests";
				PRODUCT_NAME = "$(TARGET_NAME)";
				SWIFT_EMIT_LOC_STRINGS = NO;
				SWIFT_VERSION = 5.0;
				TARGETED_DEVICE_FAMILY = "1,2";
				TEST_HOST = "$(BUILT_PRODUCTS_DIR)/draw_circle.app/draw_circle";
			};
			name = Debug;
		};
		2ACD889728D21F4500952C78 /* Release */ = {
			isa = XCBuildConfiguration;
			buildSettings = {
				ALWAYS_EMBED_SWIFT_STANDARD_LIBRARIES = YES;
				BUNDLE_LOADER = "$(TEST_HOST)";
				CODE_SIGN_STYLE = Automatic;
				CURRENT_PROJECT_VERSION = 1;
				DEVELOPMENT_TEAM = H33M9N3FDM;
				GENERATE_INFOPLIST_FILE = YES;
				IPHONEOS_DEPLOYMENT_TARGET = 15.5;
				MARKETING_VERSION = 1.0;
				PRODUCT_BUNDLE_IDENTIFIER = "quanhh.draw-circleTests";
				PRODUCT_NAME = "$(TARGET_NAME)";
				SWIFT_EMIT_LOC_STRINGS = NO;
				SWIFT_VERSION = 5.0;
				TARGETED_DEVICE_FAMILY = "1,2";
				TEST_HOST = "$(BUILT_PRODUCTS_DIR)/draw_circle.app/draw_circle";
			};
			name = Release;
		};
		2ACD889928D21F4500952C78 /* Debug */ = {
			isa = XCBuildConfiguration;
			buildSettings = {
				ALWAYS_EMBED_SWIFT_STANDARD_LIBRARIES = YES;
				CODE_SIGN_STYLE = Automatic;
				CURRENT_PROJECT_VERSION = 1;
				DEVELOPMENT_TEAM = H33M9N3FDM;
				GENERATE_INFOPLIST_FILE = YES;
				MARKETING_VERSION = 1.0;
				PRODUCT_BUNDLE_IDENTIFIER = "quanhh.draw-circleUITests";
				PRODUCT_NAME = "$(TARGET_NAME)";
				SWIFT_EMIT_LOC_STRINGS = NO;
				SWIFT_VERSION = 5.0;
				TARGETED_DEVICE_FAMILY = "1,2";
				TEST_TARGET_NAME = draw_circle;
			};
			name = Debug;
		};
		2ACD889A28D21F4500952C78 /* Release */ = {
			isa = XCBuildConfiguration;
			buildSettings = {
				ALWAYS_EMBED_SWIFT_STANDARD_LIBRARIES = YES;
				CODE_SIGN_STYLE = Automatic;
				CURRENT_PROJECT_VERSION = 1;
				DEVELOPMENT_TEAM = H33M9N3FDM;
				GENERATE_INFOPLIST_FILE = YES;
				MARKETING_VERSION = 1.0;
				PRODUCT_BUNDLE_IDENTIFIER = "quanhh.draw-circleUITests";
				PRODUCT_NAME = "$(TARGET_NAME)";
				SWIFT_EMIT_LOC_STRINGS = NO;
				SWIFT_VERSION = 5.0;
				TARGETED_DEVICE_FAMILY = "1,2";
				TEST_TARGET_NAME = draw_circle;
			};
			name = Release;
		};
/* End XCBuildConfiguration section */

/* Begin XCConfigurationList section */
		2ACD886928D21F4200952C78 /* Build configuration list for PBXProject "draw_circle" */ = {
			isa = XCConfigurationList;
			buildConfigurations = (
				2ACD889028D21F4500952C78 /* Debug */,
				2ACD889128D21F4500952C78 /* Release */,
			);
			defaultConfigurationIsVisible = 0;
			defaultConfigurationName = Release;
		};
		2ACD889228D21F4500952C78 /* Build configuration list for PBXNativeTarget "draw_circle" */ = {
			isa = XCConfigurationList;
			buildConfigurations = (
				2ACD889328D21F4500952C78 /* Debug */,
				2ACD889428D21F4500952C78 /* Release */,
			);
			defaultConfigurationIsVisible = 0;
			defaultConfigurationName = Release;
		};
		2ACD889528D21F4500952C78 /* Build configuration list for PBXNativeTarget "draw_circleTests" */ = {
			isa = XCConfigurationList;
			buildConfigurations = (
				2ACD889628D21F4500952C78 /* Debug */,
				2ACD889728D21F4500952C78 /* Release */,
			);
			defaultConfigurationIsVisible = 0;
			defaultConfigurationName = Release;
		};
		2ACD889828D21F4500952C78 /* Build configuration list for PBXNativeTarget "draw_circleUITests" */ = {
			isa = XCConfigurationList;
			buildConfigurations = (
				2ACD889928D21F4500952C78 /* Debug */,
				2ACD889A28D21F4500952C78 /* Release */,
			);
			defaultConfigurationIsVisible = 0;
			defaultConfigurationName = Release;
		};
/* End XCConfigurationList section */
	};
	rootObject = 2ACD886628D21F4200952C78 /* Project object */;
}
